
Microsoft Visual Studio Solution File, Format Version 12.00
# Visual Studio Version 16
VisualStudioVersion = 16.0.32901.82
MinimumVisualStudioVersion = 10.0.40219.1
Project("{FAE04EC0-301F-11D3-BF4B-00C04F79EFBC}") = "SortSearchArrayListPractice", "SortSearchArrayListPractice.csproj", "{644A846F-5D21-424E-A0A8-5840D20E633F}"
EndProject
Global
	GlobalSection(SolutionConfigurationPlatforms) = preSolution
		Debug|Any CPU = Debug|Any CPU
		Release|Any CPU = Release|Any CPU
	EndGlobalSection
	GlobalSection(ProjectConfigurationPlatforms) = postSolution
		{644A846F-5D21-424E-A0A8-5840D20E633F}.Debug|Any CPU.ActiveCfg = Debug|Any CPU
		{644A846F-5D21-424E-A0A8-5840D20E633F}.Debug|Any CPU.Build.0 = Debug|Any CPU
		{644A846F-5D21-424E-A0A8-5840D20E633F}.Release|Any CPU.ActiveCfg = Release|Any CPU
		{644A846F-5D21-424E-A0A8-5840D20E633F}.Release|Any CPU.Build.0 = Release|Any CPU
	EndGlobalSection
	GlobalSection(SolutionProperties) = preSolution
		HideSolutionNode = FALSE
	EndGlobalSection
	GlobalSection(ExtensibilityGlobals) = postSolution
		SolutionGuid = {C1E03D58-A928-45D4-935B-50661FFDD942}
	EndGlobalSection
EndGlobal
