
Microsoft Visual Studio Solution File, Format Version 12.00
# Visual Studio Version 16
VisualStudioVersion = 16.0.32929.386
MinimumVisualStudioVersion = 10.0.40219.1
Project("{9A19103F-16F7-4668-BE54-9A1E7A4F7556}") = "BankAccount", "BankAccount.csproj", "{9F99D06E-2113-4964-A35D-814E3DD1B38D}"
EndProject
Project("{FAE04EC0-301F-11D3-BF4B-00C04F79EFBC}") = "UnitTestBankAccount", "..\UnitTestBankAccount\UnitTestBankAccount.csproj", "{C666AF72-AE58-4295-8B25-803B50DD07B1}"
EndProject
Global
	GlobalSection(SolutionConfigurationPlatforms) = preSolution
		Debug|Any CPU = Debug|Any CPU
		Release|Any CPU = Release|Any CPU
	EndGlobalSection
	GlobalSection(ProjectConfigurationPlatforms) = postSolution
		{9F99D06E-2113-4964-A35D-814E3DD1B38D}.Debug|Any CPU.ActiveCfg = Debug|Any CPU
		{9F99D06E-2113-4964-A35D-814E3DD1B38D}.Debug|Any CPU.Build.0 = Debug|Any CPU
		{9F99D06E-2113-4964-A35D-814E3DD1B38D}.Release|Any CPU.ActiveCfg = Release|Any CPU
		{9F99D06E-2113-4964-A35D-814E3DD1B38D}.Release|Any CPU.Build.0 = Release|Any CPU
		{C666AF72-AE58-4295-8B25-803B50DD07B1}.Debug|Any CPU.ActiveCfg = Debug|Any CPU
		{C666AF72-AE58-4295-8B25-803B50DD07B1}.Debug|Any CPU.Build.0 = Debug|Any CPU
		{C666AF72-AE58-4295-8B25-803B50DD07B1}.Release|Any CPU.ActiveCfg = Release|Any CPU
		{C666AF72-AE58-4295-8B25-803B50DD07B1}.Release|Any CPU.Build.0 = Release|Any CPU
	EndGlobalSection
	GlobalSection(SolutionProperties) = preSolution
		HideSolutionNode = FALSE
	EndGlobalSection
	GlobalSection(ExtensibilityGlobals) = postSolution
		SolutionGuid = {7B52A0F1-26CD-4CF7-8ABE-3ED91CB161C7}
	EndGlobalSection
EndGlobal
