
Microsoft Visual Studio Solution File, Format Version 12.00
# Visual Studio Version 16
VisualStudioVersion = 16.0.32901.82
MinimumVisualStudioVersion = 10.0.40219.1
Project("{FAE04EC0-301F-11D3-BF4B-00C04F79EFBC}") = "AveragePriceLab", "AveragePriceLab.csproj", "{1F354D29-FE50-4BB6-B006-962481ABCF3C}"
EndProject
Global
	GlobalSection(SolutionConfigurationPlatforms) = preSolution
		Debug|Any CPU = Debug|Any CPU
		Release|Any CPU = Release|Any CPU
	EndGlobalSection
	GlobalSection(ProjectConfigurationPlatforms) = postSolution
		{1F354D29-FE50-4BB6-B006-962481ABCF3C}.Debug|Any CPU.ActiveCfg = Debug|Any CPU
		{1F354D29-FE50-4BB6-B006-962481ABCF3C}.Debug|Any CPU.Build.0 = Debug|Any CPU
		{1F354D29-FE50-4BB6-B006-962481ABCF3C}.Release|Any CPU.ActiveCfg = Release|Any CPU
		{1F354D29-FE50-4BB6-B006-962481ABCF3C}.Release|Any CPU.Build.0 = Release|Any CPU
	EndGlobalSection
	GlobalSection(SolutionProperties) = preSolution
		HideSolutionNode = FALSE
	EndGlobalSection
	GlobalSection(ExtensibilityGlobals) = postSolution
		SolutionGuid = {57DFEDFA-C8C6-4C36-9DF8-BB23E9E8AF91}
	EndGlobalSection
EndGlobal
