
Microsoft Visual Studio Solution File, Format Version 12.00
# Visual Studio Version 16
VisualStudioVersion = 16.0.32901.82
MinimumVisualStudioVersion = 10.0.40219.1
Project("{FAE04EC0-301F-11D3-BF4B-00C04F79EFBC}") = "FileIOPractice", "FileIOPractice.csproj", "{AA454936-A5E1-48B2-A1D2-8F151BC062B0}"
EndProject
Global
	GlobalSection(SolutionConfigurationPlatforms) = preSolution
		Debug|Any CPU = Debug|Any CPU
		Release|Any CPU = Release|Any CPU
	EndGlobalSection
	GlobalSection(ProjectConfigurationPlatforms) = postSolution
		{AA454936-A5E1-48B2-A1D2-8F151BC062B0}.Debug|Any CPU.ActiveCfg = Debug|Any CPU
		{AA454936-A5E1-48B2-A1D2-8F151BC062B0}.Debug|Any CPU.Build.0 = Debug|Any CPU
		{AA454936-A5E1-48B2-A1D2-8F151BC062B0}.Release|Any CPU.ActiveCfg = Release|Any CPU
		{AA454936-A5E1-48B2-A1D2-8F151BC062B0}.Release|Any CPU.Build.0 = Release|Any CPU
	EndGlobalSection
	GlobalSection(SolutionProperties) = preSolution
		HideSolutionNode = FALSE
	EndGlobalSection
	GlobalSection(ExtensibilityGlobals) = postSolution
		SolutionGuid = {7A0254BC-4FDD-49EC-8672-D06EA64BA3D9}
	EndGlobalSection
EndGlobal
