
Microsoft Visual Studio Solution File, Format Version 12.00
# Visual Studio Version 16
VisualStudioVersion = 16.0.32901.82
MinimumVisualStudioVersion = 10.0.40219.1
Project("{FAE04EC0-301F-11D3-BF4B-00C04F79EFBC}") = "Module7", "Module7.csproj", "{13520815-CE9E-4284-BBFA-DA36B2A11C64}"
EndProject
Project("{FAE04EC0-301F-11D3-BF4B-00C04F79EFBC}") = "XUnitTestModule7", "..\XUnitTestModule7\XUnitTestModule7.csproj", "{38F77FDD-876F-4796-9B53-5B23FDB02FE9}"
EndProject
Global
	GlobalSection(SolutionConfigurationPlatforms) = preSolution
		Debug|Any CPU = Debug|Any CPU
		Release|Any CPU = Release|Any CPU
	EndGlobalSection
	GlobalSection(ProjectConfigurationPlatforms) = postSolution
		{13520815-CE9E-4284-BBFA-DA36B2A11C64}.Debug|Any CPU.ActiveCfg = Debug|Any CPU
		{13520815-CE9E-4284-BBFA-DA36B2A11C64}.Debug|Any CPU.Build.0 = Debug|Any CPU
		{13520815-CE9E-4284-BBFA-DA36B2A11C64}.Release|Any CPU.ActiveCfg = Release|Any CPU
		{13520815-CE9E-4284-BBFA-DA36B2A11C64}.Release|Any CPU.Build.0 = Release|Any CPU
		{38F77FDD-876F-4796-9B53-5B23FDB02FE9}.Debug|Any CPU.ActiveCfg = Debug|Any CPU
		{38F77FDD-876F-4796-9B53-5B23FDB02FE9}.Debug|Any CPU.Build.0 = Debug|Any CPU
		{38F77FDD-876F-4796-9B53-5B23FDB02FE9}.Release|Any CPU.ActiveCfg = Release|Any CPU
		{38F77FDD-876F-4796-9B53-5B23FDB02FE9}.Release|Any CPU.Build.0 = Release|Any CPU
	EndGlobalSection
	GlobalSection(SolutionProperties) = preSolution
		HideSolutionNode = FALSE
	EndGlobalSection
	GlobalSection(ExtensibilityGlobals) = postSolution
		SolutionGuid = {23C0F2D0-AE0A-46B3-B6F0-022BBE26ABDD}
	EndGlobalSection
EndGlobal
