
Microsoft Visual Studio Solution File, Format Version 12.00
# Visual Studio Version 16
VisualStudioVersion = 16.0.32901.82
MinimumVisualStudioVersion = 10.0.40219.1
Project("{FAE04EC0-301F-11D3-BF4B-00C04F79EFBC}") = "ArraysListsMurach3", "ArraysListsMurach3.csproj", "{B597B406-F14B-4AAD-A807-0496183088F4}"
EndProject
Global
	GlobalSection(SolutionConfigurationPlatforms) = preSolution
		Debug|Any CPU = Debug|Any CPU
		Release|Any CPU = Release|Any CPU
	EndGlobalSection
	GlobalSection(ProjectConfigurationPlatforms) = postSolution
		{B597B406-F14B-4AAD-A807-0496183088F4}.Debug|Any CPU.ActiveCfg = Debug|Any CPU
		{B597B406-F14B-4AAD-A807-0496183088F4}.Debug|Any CPU.Build.0 = Debug|Any CPU
		{B597B406-F14B-4AAD-A807-0496183088F4}.Release|Any CPU.ActiveCfg = Release|Any CPU
		{B597B406-F14B-4AAD-A807-0496183088F4}.Release|Any CPU.Build.0 = Release|Any CPU
	EndGlobalSection
	GlobalSection(SolutionProperties) = preSolution
		HideSolutionNode = FALSE
	EndGlobalSection
	GlobalSection(ExtensibilityGlobals) = postSolution
		SolutionGuid = {0FFC41C2-3011-40FE-85BA-49072AD1BC26}
	EndGlobalSection
EndGlobal
