
Microsoft Visual Studio Solution File, Format Version 12.00
# Visual Studio Version 16
VisualStudioVersion = 16.0.32901.82
MinimumVisualStudioVersion = 10.0.40219.1
Project("{FAE04EC0-301F-11D3-BF4B-00C04F79EFBC}") = "InputValidationPratice", "InputValidationPratice.csproj", "{2FCB70BF-5A02-4BD3-8480-B214C223516A}"
EndProject
Global
	GlobalSection(SolutionConfigurationPlatforms) = preSolution
		Debug|Any CPU = Debug|Any CPU
		Release|Any CPU = Release|Any CPU
	EndGlobalSection
	GlobalSection(ProjectConfigurationPlatforms) = postSolution
		{2FCB70BF-5A02-4BD3-8480-B214C223516A}.Debug|Any CPU.ActiveCfg = Debug|Any CPU
		{2FCB70BF-5A02-4BD3-8480-B214C223516A}.Debug|Any CPU.Build.0 = Debug|Any CPU
		{2FCB70BF-5A02-4BD3-8480-B214C223516A}.Release|Any CPU.ActiveCfg = Release|Any CPU
		{2FCB70BF-5A02-4BD3-8480-B214C223516A}.Release|Any CPU.Build.0 = Release|Any CPU
	EndGlobalSection
	GlobalSection(SolutionProperties) = preSolution
		HideSolutionNode = FALSE
	EndGlobalSection
	GlobalSection(ExtensibilityGlobals) = postSolution
		SolutionGuid = {C2217792-63A5-4A41-B0B3-CE5E2A424ED5}
	EndGlobalSection
EndGlobal
