
Microsoft Visual Studio Solution File, Format Version 12.00
# Visual Studio Version 16
VisualStudioVersion = 16.0.32901.82
MinimumVisualStudioVersion = 10.0.40219.1
Project("{FAE04EC0-301F-11D3-BF4B-00C04F79EFBC}") = "TwoDArrayPractice", "TwoDArrayPractice.csproj", "{586FB578-8D23-41E5-A154-C3513C1F66CC}"
EndProject
Global
	GlobalSection(SolutionConfigurationPlatforms) = preSolution
		Debug|Any CPU = Debug|Any CPU
		Release|Any CPU = Release|Any CPU
	EndGlobalSection
	GlobalSection(ProjectConfigurationPlatforms) = postSolution
		{586FB578-8D23-41E5-A154-C3513C1F66CC}.Debug|Any CPU.ActiveCfg = Debug|Any CPU
		{586FB578-8D23-41E5-A154-C3513C1F66CC}.Debug|Any CPU.Build.0 = Debug|Any CPU
		{586FB578-8D23-41E5-A154-C3513C1F66CC}.Release|Any CPU.ActiveCfg = Release|Any CPU
		{586FB578-8D23-41E5-A154-C3513C1F66CC}.Release|Any CPU.Build.0 = Release|Any CPU
	EndGlobalSection
	GlobalSection(SolutionProperties) = preSolution
		HideSolutionNode = FALSE
	EndGlobalSection
	GlobalSection(ExtensibilityGlobals) = postSolution
		SolutionGuid = {CAF5DE6A-695D-499A-AA3F-061196488F6E}
	EndGlobalSection
EndGlobal
