
Microsoft Visual Studio Solution File, Format Version 12.00
# Visual Studio Version 16
VisualStudioVersion = 16.0.32929.386
MinimumVisualStudioVersion = 10.0.40219.1
Project("{FAE04EC0-301F-11D3-BF4B-00C04F79EFBC}") = "SportAbstractClass", "SportAbstractClass.csproj", "{1F07E91B-B090-4C68-B5C0-2C005B247A0B}"
EndProject
Global
	GlobalSection(SolutionConfigurationPlatforms) = preSolution
		Debug|Any CPU = Debug|Any CPU
		Release|Any CPU = Release|Any CPU
	EndGlobalSection
	GlobalSection(ProjectConfigurationPlatforms) = postSolution
		{1F07E91B-B090-4C68-B5C0-2C005B247A0B}.Debug|Any CPU.ActiveCfg = Debug|Any CPU
		{1F07E91B-B090-4C68-B5C0-2C005B247A0B}.Debug|Any CPU.Build.0 = Debug|Any CPU
		{1F07E91B-B090-4C68-B5C0-2C005B247A0B}.Release|Any CPU.ActiveCfg = Release|Any CPU
		{1F07E91B-B090-4C68-B5C0-2C005B247A0B}.Release|Any CPU.Build.0 = Release|Any CPU
	EndGlobalSection
	GlobalSection(SolutionProperties) = preSolution
		HideSolutionNode = FALSE
	EndGlobalSection
	GlobalSection(ExtensibilityGlobals) = postSolution
		SolutionGuid = {A60928AA-6FD1-467C-AB07-6C1E4D8942B5}
	EndGlobalSection
EndGlobal
